
Microsoft Visual Studio Solution File, Format Version 12.00
# Visual Studio Version 16
VisualStudioVersion = 16.0.31321.278
MinimumVisualStudioVersion = 10.0.40219.1
Project("{FAE04EC0-301F-11D3-BF4B-00C04F79EFBC}") = "final project", "final project.csproj", "{634FF37F-3938-4C48-8167-4BEE04F7AA00}"
EndProject
Global
	GlobalSection(SolutionConfigurationPlatforms) = preSolution
		Debug|Any CPU = Debug|Any CPU
		Release|Any CPU = Release|Any CPU
	EndGlobalSection
	GlobalSection(ProjectConfigurationPlatforms) = postSolution
		{634FF37F-3938-4C48-8167-4BEE04F7AA00}.Debug|Any CPU.ActiveCfg = Debug|Any CPU
		{634FF37F-3938-4C48-8167-4BEE04F7AA00}.Debug|Any CPU.Build.0 = Debug|Any CPU
		{634FF37F-3938-4C48-8167-4BEE04F7AA00}.Release|Any CPU.ActiveCfg = Release|Any CPU
		{634FF37F-3938-4C48-8167-4BEE04F7AA00}.Release|Any CPU.Build.0 = Release|Any CPU
	EndGlobalSection
	GlobalSection(SolutionProperties) = preSolution
		HideSolutionNode = FALSE
	EndGlobalSection
	GlobalSection(ExtensibilityGlobals) = postSolution
		SolutionGuid = {972D9A82-9F91-4469-9DA6-BE3B3064952F}
	EndGlobalSection
EndGlobal
